
Microsoft Visual Studio Solution File, Format Version 12.00
# Visual Studio Version 16
VisualStudioVersion = 16.0.31702.278
MinimumVisualStudioVersion = 10.0.40219.1
Project("{FAE04EC0-301F-11D3-BF4B-00C04F79EFBC}") = "VAR_Calculator", "VAR_Calculator\VAR_Calculator.csproj", "{C93094B2-9A04-4770-8B02-774F95F30CC6}"
EndProject
Global
	GlobalSection(SolutionConfigurationPlatforms) = preSolution
		Debug|Any CPU = Debug|Any CPU
		Release|Any CPU = Release|Any CPU
	EndGlobalSection
	GlobalSection(ProjectConfigurationPlatforms) = postSolution
		{C93094B2-9A04-4770-8B02-774F95F30CC6}.Debug|Any CPU.ActiveCfg = Debug|Any CPU
		{C93094B2-9A04-4770-8B02-774F95F30CC6}.Debug|Any CPU.Build.0 = Debug|Any CPU
		{C93094B2-9A04-4770-8B02-774F95F30CC6}.Release|Any CPU.ActiveCfg = Release|Any CPU
		{C93094B2-9A04-4770-8B02-774F95F30CC6}.Release|Any CPU.Build.0 = Release|Any CPU
	EndGlobalSection
	GlobalSection(SolutionProperties) = preSolution
		HideSolutionNode = FALSE
	EndGlobalSection
	GlobalSection(ExtensibilityGlobals) = postSolution
		SolutionGuid = {CF0A389D-BD67-4FB4-BFCB-38CCB9E80499}
	EndGlobalSection
EndGlobal
