
Microsoft Visual Studio Solution File, Format Version 12.00
# Visual Studio Version 16
VisualStudioVersion = 16.0.31729.503
MinimumVisualStudioVersion = 10.0.40219.1
Project("{FAE04EC0-301F-11D3-BF4B-00C04F79EFBC}") = "MicroSimulation", "MicroSimulation\MicroSimulation.csproj", "{EEE4AC3A-B232-42C9-9581-8D1C5121724B}"
EndProject
Global
	GlobalSection(SolutionConfigurationPlatforms) = preSolution
		Debug|Any CPU = Debug|Any CPU
		Release|Any CPU = Release|Any CPU
	EndGlobalSection
	GlobalSection(ProjectConfigurationPlatforms) = postSolution
		{EEE4AC3A-B232-42C9-9581-8D1C5121724B}.Debug|Any CPU.ActiveCfg = Debug|Any CPU
		{EEE4AC3A-B232-42C9-9581-8D1C5121724B}.Debug|Any CPU.Build.0 = Debug|Any CPU
		{EEE4AC3A-B232-42C9-9581-8D1C5121724B}.Release|Any CPU.ActiveCfg = Release|Any CPU
		{EEE4AC3A-B232-42C9-9581-8D1C5121724B}.Release|Any CPU.Build.0 = Release|Any CPU
	EndGlobalSection
	GlobalSection(SolutionProperties) = preSolution
		HideSolutionNode = FALSE
	EndGlobalSection
	GlobalSection(ExtensibilityGlobals) = postSolution
		SolutionGuid = {F0B8AF0B-4471-40C8-8C71-014BFDD325D5}
	EndGlobalSection
EndGlobal
