
Microsoft Visual Studio Solution File, Format Version 12.00
# Visual Studio Version 16
VisualStudioVersion = 16.0.31702.278
MinimumVisualStudioVersion = 10.0.40219.1
Project("{FAE04EC0-301F-11D3-BF4B-00C04F79EFBC}") = "data_export", "data_export\data_export.csproj", "{830CB661-99BF-4959-888A-9F1AFA2141F0}"
EndProject
Global
	GlobalSection(SolutionConfigurationPlatforms) = preSolution
		Debug|Any CPU = Debug|Any CPU
		Release|Any CPU = Release|Any CPU
	EndGlobalSection
	GlobalSection(ProjectConfigurationPlatforms) = postSolution
		{830CB661-99BF-4959-888A-9F1AFA2141F0}.Debug|Any CPU.ActiveCfg = Debug|Any CPU
		{830CB661-99BF-4959-888A-9F1AFA2141F0}.Debug|Any CPU.Build.0 = Debug|Any CPU
		{830CB661-99BF-4959-888A-9F1AFA2141F0}.Release|Any CPU.ActiveCfg = Release|Any CPU
		{830CB661-99BF-4959-888A-9F1AFA2141F0}.Release|Any CPU.Build.0 = Release|Any CPU
	EndGlobalSection
	GlobalSection(SolutionProperties) = preSolution
		HideSolutionNode = FALSE
	EndGlobalSection
	GlobalSection(ExtensibilityGlobals) = postSolution
		SolutionGuid = {EF70BF49-A46A-49FF-9958-94FD5737075F}
	EndGlobalSection
EndGlobal
